
Microsoft Visual Studio Solution File, Format Version 12.00
# Visual Studio Version 17
VisualStudioVersion = 17.14.36623.8
MinimumVisualStudioVersion = 10.0.40219.1
Project("{2150E333-8FDC-42A3-9474-1A3956D46DE8}") = "src", "src", "{02EA681E-C7D8-13C7-8484-4AC65E1B71E8}"
EndProject
Project("{2150E333-8FDC-42A3-9474-1A3956D46DE8}") = "Shared", "Shared", "{2B461E31-1CAF-43B4-A55C-DCC1EFF8BA41}"
EndProject
Project("{2150E333-8FDC-42A3-9474-1A3956D46DE8}") = "Gateways", "Gateways", "{267326EB-EB2D-4603-B341-CD3D3E681F1D}"
EndProject
Project("{2150E333-8FDC-42A3-9474-1A3956D46DE8}") = "Services", "Services", "{BF28E637-F0D1-4524-AF65-B6A3E89622A9}"
EndProject
Project("{2150E333-8FDC-42A3-9474-1A3956D46DE8}") = "Identity", "Identity", "{36A318B4-6D0C-4FC9-B5D8-29A6F1B8015C}"
EndProject
Project("{2150E333-8FDC-42A3-9474-1A3956D46DE8}") = "Core", "Core", "{5C587233-921F-4D99-96FD-4D77EB3944E2}"
EndProject
Project("{2150E333-8FDC-42A3-9474-1A3956D46DE8}") = "Collector", "Collector", "{223E7984-3012-4FDF-AE7F-CF699479F9A8}"
EndProject
Project("{FAE04EC0-301F-11D3-BF4B-00C04F79EFBC}") = "PMS.Gateway", "src\Gateways\PMS.Gateway\PMS.Gateway.csproj", "{1F4EB0BE-0855-81D5-33FF-F8F7705D28EE}"
EndProject
Project("{FAE04EC0-301F-11D3-BF4B-00C04F79EFBC}") = "PMS.Shared.Common", "src\Shared\PMS.Shared.Common\PMS.Shared.Common.csproj", "{5A2D5DA6-6494-5B7C-1602-D3B223619671}"
EndProject
Project("{FAE04EC0-301F-11D3-BF4B-00C04F79EFBC}") = "Collector.API", "src\Services\Collector\Collector.API\Collector.API.csproj", "{D5DB2FB5-DB12-AB71-8C91-BA27B161F5BA}"
EndProject
Project("{FAE04EC0-301F-11D3-BF4B-00C04F79EFBC}") = "Collector.Application", "src\Services\Collector\Collector.Application\Collector.Application.csproj", "{DA389B3C-D924-BE9B-8272-CF794CFCC8E7}"
EndProject
Project("{FAE04EC0-301F-11D3-BF4B-00C04F79EFBC}") = "Collector.Domain", "src\Services\Collector\Collector.Domain\Collector.Domain.csproj", "{A6C02743-7995-879C-3744-17940DF9893A}"
EndProject
Project("{FAE04EC0-301F-11D3-BF4B-00C04F79EFBC}") = "Collector.Infrastructure", "src\Services\Collector\Collector.Infrastructure\Collector.Infrastructure.csproj", "{C34FE46C-0D5E-3E08-7B89-2C7D28EE763C}"
EndProject
Project("{FAE04EC0-301F-11D3-BF4B-00C04F79EFBC}") = "Core.API", "src\Services\Core\Core.API\Core.API.csproj", "{F527ADCE-FA7A-C46C-596B-243A0F8ACC0A}"
EndProject
Project("{FAE04EC0-301F-11D3-BF4B-00C04F79EFBC}") = "Core.Application", "src\Services\Core\Core.Application\Core.Application.csproj", "{DC7D6829-F817-3EEE-D739-C838EB15A4B9}"
EndProject
Project("{FAE04EC0-301F-11D3-BF4B-00C04F79EFBC}") = "Core.Domain", "src\Services\Core\Core.Domain\Core.Domain.csproj", "{E16CB1E0-A60F-1E82-F223-0A54E125018E}"
EndProject
Project("{FAE04EC0-301F-11D3-BF4B-00C04F79EFBC}") = "Core.Infrastructure", "src\Services\Core\Core.Infrastructure\Core.Infrastructure.csproj", "{CCE70A4E-925E-33A3-A611-06086AADFB9A}"
EndProject
Project("{FAE04EC0-301F-11D3-BF4B-00C04F79EFBC}") = "Identity.API", "src\Services\Identity\Identity.API\Identity.API.csproj", "{2C90F36D-68FF-A8F5-B7B3-7BBC0CFE077E}"
EndProject
Project("{FAE04EC0-301F-11D3-BF4B-00C04F79EFBC}") = "Identity.Application", "src\Services\Identity\Identity.Application\Identity.Application.csproj", "{9B372D30-901D-CD91-CEAD-AAA1D4CF0211}"
EndProject
Project("{FAE04EC0-301F-11D3-BF4B-00C04F79EFBC}") = "Identity.Domain", "src\Services\Identity\Identity.Domain\Identity.Domain.csproj", "{09AD7502-E1A1-B640-A906-6AFCC638950D}"
EndProject
Project("{FAE04EC0-301F-11D3-BF4B-00C04F79EFBC}") = "Identity.Infrastructure", "src\Services\Identity\Identity.Infrastructure\Identity.Infrastructure.csproj", "{054C9033-A76E-B9DA-F9D8-A068699F08E3}"
EndProject
Global
	GlobalSection(SolutionConfigurationPlatforms) = preSolution
		Debug|Any CPU = Debug|Any CPU
		Release|Any CPU = Release|Any CPU
	EndGlobalSection
	GlobalSection(ProjectConfigurationPlatforms) = postSolution
		{1F4EB0BE-0855-81D5-33FF-F8F7705D28EE}.Debug|Any CPU.ActiveCfg = Debug|Any CPU
		{1F4EB0BE-0855-81D5-33FF-F8F7705D28EE}.Debug|Any CPU.Build.0 = Debug|Any CPU
		{1F4EB0BE-0855-81D5-33FF-F8F7705D28EE}.Release|Any CPU.ActiveCfg = Release|Any CPU
		{1F4EB0BE-0855-81D5-33FF-F8F7705D28EE}.Release|Any CPU.Build.0 = Release|Any CPU
		{5A2D5DA6-6494-5B7C-1602-D3B223619671}.Debug|Any CPU.ActiveCfg = Debug|Any CPU
		{5A2D5DA6-6494-5B7C-1602-D3B223619671}.Debug|Any CPU.Build.0 = Debug|Any CPU
		{5A2D5DA6-6494-5B7C-1602-D3B223619671}.Release|Any CPU.ActiveCfg = Release|Any CPU
		{5A2D5DA6-6494-5B7C-1602-D3B223619671}.Release|Any CPU.Build.0 = Release|Any CPU
		{D5DB2FB5-DB12-AB71-8C91-BA27B161F5BA}.Debug|Any CPU.ActiveCfg = Debug|Any CPU
		{D5DB2FB5-DB12-AB71-8C91-BA27B161F5BA}.Debug|Any CPU.Build.0 = Debug|Any CPU
		{D5DB2FB5-DB12-AB71-8C91-BA27B161F5BA}.Release|Any CPU.ActiveCfg = Release|Any CPU
		{D5DB2FB5-DB12-AB71-8C91-BA27B161F5BA}.Release|Any CPU.Build.0 = Release|Any CPU
		{DA389B3C-D924-BE9B-8272-CF794CFCC8E7}.Debug|Any CPU.ActiveCfg = Debug|Any CPU
		{DA389B3C-D924-BE9B-8272-CF794CFCC8E7}.Debug|Any CPU.Build.0 = Debug|Any CPU
		{DA389B3C-D924-BE9B-8272-CF794CFCC8E7}.Release|Any CPU.ActiveCfg = Release|Any CPU
		{DA389B3C-D924-BE9B-8272-CF794CFCC8E7}.Release|Any CPU.Build.0 = Release|Any CPU
		{A6C02743-7995-879C-3744-17940DF9893A}.Debug|Any CPU.ActiveCfg = Debug|Any CPU
		{A6C02743-7995-879C-3744-17940DF9893A}.Debug|Any CPU.Build.0 = Debug|Any CPU
		{A6C02743-7995-879C-3744-17940DF9893A}.Release|Any CPU.ActiveCfg = Release|Any CPU
		{A6C02743-7995-879C-3744-17940DF9893A}.Release|Any CPU.Build.0 = Release|Any CPU
		{C34FE46C-0D5E-3E08-7B89-2C7D28EE763C}.Debug|Any CPU.ActiveCfg = Debug|Any CPU
		{C34FE46C-0D5E-3E08-7B89-2C7D28EE763C}.Debug|Any CPU.Build.0 = Debug|Any CPU
		{C34FE46C-0D5E-3E08-7B89-2C7D28EE763C}.Release|Any CPU.ActiveCfg = Release|Any CPU
		{C34FE46C-0D5E-3E08-7B89-2C7D28EE763C}.Release|Any CPU.Build.0 = Release|Any CPU
		{F527ADCE-FA7A-C46C-596B-243A0F8ACC0A}.Debug|Any CPU.ActiveCfg = Debug|Any CPU
		{F527ADCE-FA7A-C46C-596B-243A0F8ACC0A}.Debug|Any CPU.Build.0 = Debug|Any CPU
		{F527ADCE-FA7A-C46C-596B-243A0F8ACC0A}.Release|Any CPU.ActiveCfg = Release|Any CPU
		{F527ADCE-FA7A-C46C-596B-243A0F8ACC0A}.Release|Any CPU.Build.0 = Release|Any CPU
		{DC7D6829-F817-3EEE-D739-C838EB15A4B9}.Debug|Any CPU.ActiveCfg = Debug|Any CPU
		{DC7D6829-F817-3EEE-D739-C838EB15A4B9}.Debug|Any CPU.Build.0 = Debug|Any CPU
		{DC7D6829-F817-3EEE-D739-C838EB15A4B9}.Release|Any CPU.ActiveCfg = Release|Any CPU
		{DC7D6829-F817-3EEE-D739-C838EB15A4B9}.Release|Any CPU.Build.0 = Release|Any CPU
		{E16CB1E0-A60F-1E82-F223-0A54E125018E}.Debug|Any CPU.ActiveCfg = Debug|Any CPU
		{E16CB1E0-A60F-1E82-F223-0A54E125018E}.Debug|Any CPU.Build.0 = Debug|Any CPU
		{E16CB1E0-A60F-1E82-F223-0A54E125018E}.Release|Any CPU.ActiveCfg = Release|Any CPU
		{E16CB1E0-A60F-1E82-F223-0A54E125018E}.Release|Any CPU.Build.0 = Release|Any CPU
		{CCE70A4E-925E-33A3-A611-06086AADFB9A}.Debug|Any CPU.ActiveCfg = Debug|Any CPU
		{CCE70A4E-925E-33A3-A611-06086AADFB9A}.Debug|Any CPU.Build.0 = Debug|Any CPU
		{CCE70A4E-925E-33A3-A611-06086AADFB9A}.Release|Any CPU.ActiveCfg = Release|Any CPU
		{CCE70A4E-925E-33A3-A611-06086AADFB9A}.Release|Any CPU.Build.0 = Release|Any CPU
		{2C90F36D-68FF-A8F5-B7B3-7BBC0CFE077E}.Debug|Any CPU.ActiveCfg = Debug|Any CPU
		{2C90F36D-68FF-A8F5-B7B3-7BBC0CFE077E}.Debug|Any CPU.Build.0 = Debug|Any CPU
		{2C90F36D-68FF-A8F5-B7B3-7BBC0CFE077E}.Release|Any CPU.ActiveCfg = Release|Any CPU
		{2C90F36D-68FF-A8F5-B7B3-7BBC0CFE077E}.Release|Any CPU.Build.0 = Release|Any CPU
		{9B372D30-901D-CD91-CEAD-AAA1D4CF0211}.Debug|Any CPU.ActiveCfg = Debug|Any CPU
		{9B372D30-901D-CD91-CEAD-AAA1D4CF0211}.Debug|Any CPU.Build.0 = Debug|Any CPU
		{9B372D30-901D-CD91-CEAD-AAA1D4CF0211}.Release|Any CPU.ActiveCfg = Release|Any CPU
		{9B372D30-901D-CD91-CEAD-AAA1D4CF0211}.Release|Any CPU.Build.0 = Release|Any CPU
		{09AD7502-E1A1-B640-A906-6AFCC638950D}.Debug|Any CPU.ActiveCfg = Debug|Any CPU
		{09AD7502-E1A1-B640-A906-6AFCC638950D}.Debug|Any CPU.Build.0 = Debug|Any CPU
		{09AD7502-E1A1-B640-A906-6AFCC638950D}.Release|Any CPU.ActiveCfg = Release|Any CPU
		{09AD7502-E1A1-B640-A906-6AFCC638950D}.Release|Any CPU.Build.0 = Release|Any CPU
		{054C9033-A76E-B9DA-F9D8-A068699F08E3}.Debug|Any CPU.ActiveCfg = Debug|Any CPU
		{054C9033-A76E-B9DA-F9D8-A068699F08E3}.Debug|Any CPU.Build.0 = Debug|Any CPU
		{054C9033-A76E-B9DA-F9D8-A068699F08E3}.Release|Any CPU.ActiveCfg = Release|Any CPU
		{054C9033-A76E-B9DA-F9D8-A068699F08E3}.Release|Any CPU.Build.0 = Release|Any CPU
	EndGlobalSection
	GlobalSection(SolutionProperties) = preSolution
		HideSolutionNode = FALSE
	EndGlobalSection
	GlobalSection(NestedProjects) = preSolution
		{2B461E31-1CAF-43B4-A55C-DCC1EFF8BA41} = {02EA681E-C7D8-13C7-8484-4AC65E1B71E8}
		{267326EB-EB2D-4603-B341-CD3D3E681F1D} = {02EA681E-C7D8-13C7-8484-4AC65E1B71E8}
		{BF28E637-F0D1-4524-AF65-B6A3E89622A9} = {02EA681E-C7D8-13C7-8484-4AC65E1B71E8}
		{36A318B4-6D0C-4FC9-B5D8-29A6F1B8015C} = {BF28E637-F0D1-4524-AF65-B6A3E89622A9}
		{5C587233-921F-4D99-96FD-4D77EB3944E2} = {BF28E637-F0D1-4524-AF65-B6A3E89622A9}
		{223E7984-3012-4FDF-AE7F-CF699479F9A8} = {BF28E637-F0D1-4524-AF65-B6A3E89622A9}
		{1F4EB0BE-0855-81D5-33FF-F8F7705D28EE} = {267326EB-EB2D-4603-B341-CD3D3E681F1D}
		{5A2D5DA6-6494-5B7C-1602-D3B223619671} = {2B461E31-1CAF-43B4-A55C-DCC1EFF8BA41}
		{D5DB2FB5-DB12-AB71-8C91-BA27B161F5BA} = {223E7984-3012-4FDF-AE7F-CF699479F9A8}
		{DA389B3C-D924-BE9B-8272-CF794CFCC8E7} = {223E7984-3012-4FDF-AE7F-CF699479F9A8}
		{A6C02743-7995-879C-3744-17940DF9893A} = {223E7984-3012-4FDF-AE7F-CF699479F9A8}
		{C34FE46C-0D5E-3E08-7B89-2C7D28EE763C} = {223E7984-3012-4FDF-AE7F-CF699479F9A8}
		{F527ADCE-FA7A-C46C-596B-243A0F8ACC0A} = {5C587233-921F-4D99-96FD-4D77EB3944E2}
		{DC7D6829-F817-3EEE-D739-C838EB15A4B9} = {5C587233-921F-4D99-96FD-4D77EB3944E2}
		{E16CB1E0-A60F-1E82-F223-0A54E125018E} = {5C587233-921F-4D99-96FD-4D77EB3944E2}
		{CCE70A4E-925E-33A3-A611-06086AADFB9A} = {5C587233-921F-4D99-96FD-4D77EB3944E2}
		{2C90F36D-68FF-A8F5-B7B3-7BBC0CFE077E} = {36A318B4-6D0C-4FC9-B5D8-29A6F1B8015C}
		{9B372D30-901D-CD91-CEAD-AAA1D4CF0211} = {36A318B4-6D0C-4FC9-B5D8-29A6F1B8015C}
		{09AD7502-E1A1-B640-A906-6AFCC638950D} = {36A318B4-6D0C-4FC9-B5D8-29A6F1B8015C}
		{054C9033-A76E-B9DA-F9D8-A068699F08E3} = {36A318B4-6D0C-4FC9-B5D8-29A6F1B8015C}
	EndGlobalSection
	GlobalSection(ExtensibilityGlobals) = postSolution
		SolutionGuid = {4A20A559-3097-4E7C-845A-D59BB1969981}
	EndGlobalSection
EndGlobal
